
Microsoft Visual Studio Solution File, Format Version 12.00
# Visual Studio 15
VisualStudioVersion = 15.0.26430.16
MinimumVisualStudioVersion = 10.0.40219.1
Project("{FAE04EC0-301F-11D3-BF4B-00C04F79EFBC}") = "RaffleDraw.App", "RaffleDraw.App\RaffleDraw.App.csproj", "{A6E31056-2116-434D-9B57-76F46028CFEF}"
EndProject
Project("{FAE04EC0-301F-11D3-BF4B-00C04F79EFBC}") = "RaffleDraw.Models", "RaffleDraw.Models\RaffleDraw.Models.csproj", "{EF104A93-75C4-40DF-A697-ADF0AE4CD5F2}"
EndProject
Project("{FAE04EC0-301F-11D3-BF4B-00C04F79EFBC}") = "RaffleDraw.Common", "RaffleDraw.Common\RaffleDraw.Common.csproj", "{F252D6FD-2E79-485A-B4EF-8B17357C1FEB}"
EndProject
Project("{FAE04EC0-301F-11D3-BF4B-00C04F79EFBC}") = "RaffleDraw.Data", "RaffleDraw.Data\RaffleDraw.Data.csproj", "{BA05845B-6573-48CC-AC3E-9361BBA70CC0}"
EndProject
Global
	GlobalSection(SolutionConfigurationPlatforms) = preSolution
		Debug|Any CPU = Debug|Any CPU
		Release|Any CPU = Release|Any CPU
	EndGlobalSection
	GlobalSection(ProjectConfigurationPlatforms) = postSolution
		{A6E31056-2116-434D-9B57-76F46028CFEF}.Debug|Any CPU.ActiveCfg = Debug|Any CPU
		{A6E31056-2116-434D-9B57-76F46028CFEF}.Debug|Any CPU.Build.0 = Debug|Any CPU
		{A6E31056-2116-434D-9B57-76F46028CFEF}.Release|Any CPU.ActiveCfg = Release|Any CPU
		{A6E31056-2116-434D-9B57-76F46028CFEF}.Release|Any CPU.Build.0 = Release|Any CPU
		{EF104A93-75C4-40DF-A697-ADF0AE4CD5F2}.Debug|Any CPU.ActiveCfg = Debug|Any CPU
		{EF104A93-75C4-40DF-A697-ADF0AE4CD5F2}.Debug|Any CPU.Build.0 = Debug|Any CPU
		{EF104A93-75C4-40DF-A697-ADF0AE4CD5F2}.Release|Any CPU.ActiveCfg = Release|Any CPU
		{EF104A93-75C4-40DF-A697-ADF0AE4CD5F2}.Release|Any CPU.Build.0 = Release|Any CPU
		{F252D6FD-2E79-485A-B4EF-8B17357C1FEB}.Debug|Any CPU.ActiveCfg = Debug|Any CPU
		{F252D6FD-2E79-485A-B4EF-8B17357C1FEB}.Debug|Any CPU.Build.0 = Debug|Any CPU
		{F252D6FD-2E79-485A-B4EF-8B17357C1FEB}.Release|Any CPU.ActiveCfg = Release|Any CPU
		{F252D6FD-2E79-485A-B4EF-8B17357C1FEB}.Release|Any CPU.Build.0 = Release|Any CPU
		{BA05845B-6573-48CC-AC3E-9361BBA70CC0}.Debug|Any CPU.ActiveCfg = Debug|Any CPU
		{BA05845B-6573-48CC-AC3E-9361BBA70CC0}.Debug|Any CPU.Build.0 = Debug|Any CPU
		{BA05845B-6573-48CC-AC3E-9361BBA70CC0}.Release|Any CPU.ActiveCfg = Release|Any CPU
		{BA05845B-6573-48CC-AC3E-9361BBA70CC0}.Release|Any CPU.Build.0 = Release|Any CPU
	EndGlobalSection
	GlobalSection(SolutionProperties) = preSolution
		HideSolutionNode = FALSE
	EndGlobalSection
EndGlobal
